# THIS IS AN AUTOGENERATED FILE. DO NOT EDIT THIS FILE DIRECTLY.
# yarn lockfile v1


"@semaphore-protocol/contracts@^4.11.1":
  version "4.11.1"
  resolved "https://registry.yarnpkg.com/@semaphore-protocol/contracts/-/contracts-4.11.1.tgz#49392ef1474a2da40308be46185420efc43b9b3f"
  integrity sha512-WYh598A6UE4+akDxxw+jU8DMKWqDgJBdV/iEUdzdXE+YGVJav4uOQJY8KetNKAakJf3z3/8rgkPab+dk3fJyuQ==
  dependencies:
    "@zk-kit/lean-imt.sol" "2.0.1"

"@zk-kit/lean-imt.sol@2.0.1":
  version "2.0.1"
  resolved "https://registry.yarnpkg.com/@zk-kit/lean-imt.sol/-/lean-imt.sol-2.0.1.tgz#23ffd37fc4bac95a1e18dc9d55132362532137ee"
  integrity sha512-2dy/wfzch2vy5QtDCFmQwN7E4GZP0xBcucTb2mfZoJP5V69cjPRdy6KcbS0YOcBMH/Lb7BgXLsekRYjh9JNKEw==
  dependencies:
    poseidon-solidity "0.0.5"

poseidon-solidity@0.0.5:
  version "0.0.5"
  resolved "https://registry.yarnpkg.com/poseidon-solidity/-/poseidon-solidity-0.0.5.tgz#3f93e01cfe25f6d2f2fac49734fbb00961b84655"
  integrity sha512-NzrvSwHzvZgT4hvg2GyGqeR+UOU/eLSEt4wAoXEua+VaR7NTKKwx1X9bPlh1VMBEVEno+IWvkRBbidFGzTeAqQ==
